
Microsoft Visual Studio Solution File, Format Version 12.00
Project("{FAE04EC0-301F-11D3-BF4B-00C04F79EFBC}") = "ComputationalGeometry", "ComputationalGeometry\ComputationalGeometry.csproj", "{176D9ED5-95B2-4FE2-A02D-5D2A47720E8D}"
EndProject
Project("{FAE04EC0-301F-11D3-BF4B-00C04F79EFBC}") = "TestComputationalGeometry", "TestComputationalGeometry\TestComputationalGeometry.csproj", "{0CBEB707-2261-4FB3-9FD6-C7CD4AD20AD5}"
EndProject
Global
	GlobalSection(SolutionConfigurationPlatforms) = preSolution
		Debug|Any CPU = Debug|Any CPU
		Release|Any CPU = Release|Any CPU
	EndGlobalSection
	GlobalSection(ProjectConfigurationPlatforms) = postSolution
		{176D9ED5-95B2-4FE2-A02D-5D2A47720E8D}.Debug|Any CPU.ActiveCfg = Debug|Any CPU
		{176D9ED5-95B2-4FE2-A02D-5D2A47720E8D}.Debug|Any CPU.Build.0 = Debug|Any CPU
		{176D9ED5-95B2-4FE2-A02D-5D2A47720E8D}.Release|Any CPU.ActiveCfg = Release|Any CPU
		{176D9ED5-95B2-4FE2-A02D-5D2A47720E8D}.Release|Any CPU.Build.0 = Release|Any CPU
		{0CBEB707-2261-4FB3-9FD6-C7CD4AD20AD5}.Debug|Any CPU.ActiveCfg = Debug|Any CPU
		{0CBEB707-2261-4FB3-9FD6-C7CD4AD20AD5}.Debug|Any CPU.Build.0 = Debug|Any CPU
		{0CBEB707-2261-4FB3-9FD6-C7CD4AD20AD5}.Release|Any CPU.ActiveCfg = Release|Any CPU
		{0CBEB707-2261-4FB3-9FD6-C7CD4AD20AD5}.Release|Any CPU.Build.0 = Release|Any CPU
	EndGlobalSection
EndGlobal
